// !$*UTF8*$!
{
	archiveVersion = 1;
	classes = {
	};
	objectVersion = 46;
	objects = {

/* Begin PBXBuildFile section */
		0401D6781800401000F40DC4 /* UIKit.framework in Frameworks */ = {isa = PBXBuildFile; fileRef = 0401D6771800401000F40DC4 /* UIKit.framework */; };
		0401D67A1800401000F40DC4 /* Foundation.framework in Frameworks */ = {isa = PBXBuildFile; fileRef = 0401D6791800401000F40DC4 /* Foundation.framework */; };
		0401D67C1800401000F40DC4 /* CoreGraphics.framework in Frameworks */ = {isa = PBXBuildFile; fileRef = 0401D67B1800401000F40DC4 /* CoreGraphics.framework */; };
		0401D6821800401000F40DC4 /* InfoPlist.strings in Resources */ = {isa = PBXBuildFile; fileRef = 0401D6801800401000F40DC4 /* InfoPlist.strings */; };
		0401D6841800401000F40DC4 /* main.m in Sources */ = {isa = PBXBuildFile; fileRef = 0401D6831800401000F40DC4 /* main.m */; };
		0401D6881800401000F40DC4 /* AppDelegate.m in Sources */ = {isa = PBXBuildFile; fileRef = 0401D6871800401000F40DC4 /* AppDelegate.m */; };
		0401D68A1800401000F40DC4 /* Default.png in Resources */ = {isa = PBXBuildFile; fileRef = 0401D6891800401000F40DC4 /* Default.png */; };
		0401D68C1800401000F40DC4 /* Default@2x.png in Resources */ = {isa = PBXBuildFile; fileRef = 0401D68B1800401000F40DC4 /* Default@2x.png */; };
		0401D68E1800401000F40DC4 /* Default-568h@2x.png in Resources */ = {isa = PBXBuildFile; fileRef = 0401D68D1800401000F40DC4 /* Default-568h@2x.png */; };
		0401D6911800401000F40DC4 /* MainStoryboard.storyboard in Resources */ = {isa = PBXBuildFile; fileRef = 0401D68F1800401000F40DC4 /* MainStoryboard.storyboard */; };
		0401D6941800401000F40DC4 /* ViewController.m in Sources */ = {isa = PBXBuildFile; fileRef = 0401D6931800401000F40DC4 /* ViewController.m */; };
/* End PBXBuildFile section */

/* Begin PBXFileReference section */
		0401D6741800401000F40DC4 /* nurse180.app */ = {isa = PBXFileReference; explicitFileType = wrapper.application; includeInIndex = 0; path = nurse180.app; sourceTree = BUILT_PRODUCTS_DIR; };
		0401D6771800401000F40DC4 /* UIKit.framework */ = {isa = PBXFileReference; lastKnownFileType = wrapper.framework; name = UIKit.framework; path = System/Library/Frameworks/UIKit.framework; sourceTree = SDKROOT; };
		0401D6791800401000F40DC4 /* Foundation.framework */ = {isa = PBXFileReference; lastKnownFileType = wrapper.framework; name = Foundation.framework; path = System/Library/Frameworks/Foundation.framework; sourceTree = SDKROOT; };
		0401D67B1800401000F40DC4 /* CoreGraphics.framework */ = {isa = PBXFileReference; lastKnownFileType = wrapper.framework; name = CoreGraphics.framework; path = System/Library/Frameworks/CoreGraphics.framework; sourceTree = SDKROOT; };
		0401D67F1800401000F40DC4 /* nurse180-Info.plist */ = {isa = PBXFileReference; lastKnownFileType = text.plist.xml; path = "nurse180-Info.plist"; sourceTree = "<group>"; };
		0401D6811800401000F40DC4 /* en */ = {isa = PBXFileReference; lastKnownFileType = text.plist.strings; name = en; path = en.lproj/InfoPlist.strings; sourceTree = "<group>"; };
		0401D6831800401000F40DC4 /* main.m */ = {isa = PBXFileReference; lastKnownFileType = sourcecode.c.objc; path = main.m; sourceTree = "<group>"; };
		0401D6851800401000F40DC4 /* nurse180-Prefix.pch */ = {isa = PBXFileReference; lastKnownFileType = sourcecode.c.h; path = "nurse180-Prefix.pch"; sourceTree = "<group>"; };
		0401D6861800401000F40DC4 /* AppDelegate.h */ = {isa = PBXFileReference; lastKnownFileType = sourcecode.c.h; path = AppDelegate.h; sourceTree = "<group>"; };
		0401D6871800401000F40DC4 /* AppDelegate.m */ = {isa = PBXFileReference; lastKnownFileType = sourcecode.c.objc; path = AppDelegate.m; sourceTree = "<group>"; };
		0401D6891800401000F40DC4 /* Default.png */ = {isa = PBXFileReference; lastKnownFileType = image.png; path = Default.png; sourceTree = "<group>"; };
		0401D68B1800401000F40DC4 /* Default@2x.png */ = {isa = PBXFileReference; lastKnownFileType = image.png; path = "Default@2x.png"; sourceTree = "<group>"; };
		0401D68D1800401000F40DC4 /* Default-568h@2x.png */ = {isa = PBXFileReference; lastKnownFileType = image.png; path = "Default-568h@2x.png"; sourceTree = "<group>"; };
		0401D6901800401000F40DC4 /* en */ = {isa = PBXFileReference; lastKnownFileType = file.storyboard; name = en; path = en.lproj/MainStoryboard.storyboard; sourceTree = "<group>"; };
		0401D6921800401000F40DC4 /* ViewController.h */ = {isa = PBXFileReference; lastKnownFileType = sourcecode.c.h; path = ViewController.h; sourceTree = "<group>"; };
		0401D6931800401000F40DC4 /* ViewController.m */ = {isa = PBXFileReference; lastKnownFileType = sourcecode.c.objc; path = ViewController.m; sourceTree = "<group>"; };
/* End PBXFileReference section */

/* Begin PBXFrameworksBuildPhase section */
		0401D6711800401000F40DC4 /* Frameworks */ = {
			isa = PBXFrameworksBuildPhase;
			buildActionMask = 2147483647;
			files = (
				0401D6781800401000F40DC4 /* UIKit.framework in Frameworks */,
				0401D67A1800401000F40DC4 /* Foundation.framework in Frameworks */,
				0401D67C1800401000F40DC4 /* CoreGraphics.framework in Frameworks */,
			);
			runOnlyForDeploymentPostprocessing = 0;
		};
/* End PBXFrameworksBuildPhase section */

/* Begin PBXGroup section */
		0401D66B1800401000F40DC4 = {
			isa = PBXGroup;
			children = (
				0401D67D1800401000F40DC4 /* nurse180 */,
				0401D6761800401000F40DC4 /* Frameworks */,
				0401D6751800401000F40DC4 /* Products */,
			);
			sourceTree = "<group>";
		};
		0401D6751800401000F40DC4 /* Products */ = {
			isa = PBXGroup;
			children = (
				0401D6741800401000F40DC4 /* nurse180.app */,
			);
			name = Products;
			sourceTree = "<group>";
		};
		0401D6761800401000F40DC4 /* Frameworks */ = {
			isa = PBXGroup;
			children = (
				0401D6771800401000F40DC4 /* UIKit.framework */,
				0401D6791800401000F40DC4 /* Foundation.framework */,
				0401D67B1800401000F40DC4 /* CoreGraphics.framework */,
			);
			name = Frameworks;
			sourceTree = "<group>";
		};
		0401D67D1800401000F40DC4 /* nurse180 */ = {
			isa = PBXGroup;
			children = (
				0401D6861800401000F40DC4 /* AppDelegate.h */,
				0401D6871800401000F40DC4 /* AppDelegate.m */,
				0401D68F1800401000F40DC4 /* MainStoryboard.storyboard */,
				0401D6921800401000F40DC4 /* ViewController.h */,
				0401D6931800401000F40DC4 /* ViewController.m */,
				0401D67E1800401000F40DC4 /* Supporting Files */,
			);
			path = nurse180;
			sourceTree = "<group>";
		};
		0401D67E1800401000F40DC4 /* Supporting Files */ = {
			isa = PBXGroup;
			children = (
				0401D67F1800401000F40DC4 /* nurse180-Info.plist */,
				0401D6801800401000F40DC4 /* InfoPlist.strings */,
				0401D6831800401000F40DC4 /* main.m */,
				0401D6851800401000F40DC4 /* nurse180-Prefix.pch */,
				0401D6891800401000F40DC4 /* Default.png */,
				0401D68B1800401000F40DC4 /* Default@2x.png */,
				0401D68D1800401000F40DC4 /* Default-568h@2x.png */,
			);
			name = "Supporting Files";
			sourceTree = "<group>";
		};
/* End PBXGroup section */

/* Begin PBXNativeTarget section */
		0401D6731800401000F40DC4 /* nurse180 */ = {
			isa = PBXNativeTarget;
			buildConfigurationList = 0401D6971800401000F40DC4 /* Build configuration list for PBXNativeTarget "nurse180" */;
			buildPhases = (
				0401D6701800401000F40DC4 /* Sources */,
				0401D6711800401000F40DC4 /* Frameworks */,
				0401D6721800401000F40DC4 /* Resources */,
			);
			buildRules = (
			);
			dependencies = (
			);
			name = nurse180;
			productName = nurse180;
			productReference = 0401D6741800401000F40DC4 /* nurse180.app */;
			productType = "com.apple.product-type.application";
		};
/* End PBXNativeTarget section */

/* Begin PBXProject section */
		0401D66C1800401000F40DC4 /* Project object */ = {
			isa = PBXProject;
			attributes = {
				LastUpgradeCheck = 0460;
				ORGANIZATIONNAME = mac;
			};
			buildConfigurationList = 0401D66F1800401000F40DC4 /* Build configuration list for PBXProject "nurse180" */;
			compatibilityVersion = "Xcode 3.2";
			developmentRegion = English;
			hasScannedForEncodings = 0;
			knownRegions = (
				en,
			);
			mainGroup = 0401D66B1800401000F40DC4;
			productRefGroup = 0401D6751800401000F40DC4 /* Products */;
			projectDirPath = "";
			projectRoot = "";
			targets = (
				0401D6731800401000F40DC4 /* nurse180 */,
			);
		};
/* End PBXProject section */

/* Begin PBXResourcesBuildPhase section */
		0401D6721800401000F40DC4 /* Resources */ = {
			isa = PBXResourcesBuildPhase;
			buildActionMask = 2147483647;
			files = (
				0401D6821800401000F40DC4 /* InfoPlist.strings in Resources */,
				0401D68A1800401000F40DC4 /* Default.png in Resources */,
				0401D68C1800401000F40DC4 /* Default@2x.png in Resources */,
				0401D68E1800401000F40DC4 /* Default-568h@2x.png in Resources */,
				0401D6911800401000F40DC4 /* MainStoryboard.storyboard in Resources */,
			);
			runOnlyForDeploymentPostprocessing = 0;
		};
/* End PBXResourcesBuildPhase section */

/* Begin PBXSourcesBuildPhase section */
		0401D6701800401000F40DC4 /* Sources */ = {
			isa = PBXSourcesBuildPhase;
			buildActionMask = 2147483647;
			files = (
				0401D6841800401000F40DC4 /* main.m in Sources */,
				0401D6881800401000F40DC4 /* AppDelegate.m in Sources */,
				0401D6941800401000F40DC4 /* ViewController.m in Sources */,
			);
			runOnlyForDeploymentPostprocessing = 0;
		};
/* End PBXSourcesBuildPhase section */

/* Begin PBXVariantGroup section */
		0401D6801800401000F40DC4 /* InfoPlist.strings */ = {
			isa = PBXVariantGroup;
			children = (
				0401D6811800401000F40DC4 /* en */,
			);
			name = InfoPlist.strings;
			sourceTree = "<group>";
		};
		0401D68F1800401000F40DC4 /* MainStoryboard.storyboard */ = {
			isa = PBXVariantGroup;
			children = (
				0401D6901800401000F40DC4 /* en */,
			);
			name = MainStoryboard.storyboard;
			sourceTree = "<group>";
		};
/* End PBXVariantGroup section */

/* Begin XCBuildConfiguration section */
		0401D6951800401000F40DC4 /* Debug */ = {
			isa = XCBuildConfiguration;
			buildSettings = {
				ALWAYS_SEARCH_USER_PATHS = NO;
				CLANG_CXX_LANGUAGE_STANDARD = "gnu++0x";
				CLANG_CXX_LIBRARY = "libc++";
				CLANG_WARN_CONSTANT_CONVERSION = YES;
				CLANG_WARN_EMPTY_BODY = YES;
				CLANG_WARN_ENUM_CONVERSION = YES;
				CLANG_WARN_INT_CONVERSION = YES;
				CLANG_WARN__DUPLICATE_METHOD_MATCH = YES;
				"CODE_SIGN_IDENTITY[sdk=iphoneos*]" = "iPhone Developer";
				COPY_PHASE_STRIP = NO;
				GCC_C_LANGUAGE_STANDARD = gnu99;
				GCC_DYNAMIC_NO_PIC = NO;
				GCC_OPTIMIZATION_LEVEL = 0;
				GCC_PREPROCESSOR_DEFINITIONS = (
					"DEBUG=1",
					"$(inherited)",
				);
				GCC_SYMBOLS_PRIVATE_EXTERN = NO;
				GCC_WARN_ABOUT_RETURN_TYPE = YES;
				GCC_WARN_UNINITIALIZED_AUTOS = YES;
				GCC_WARN_UNUSED_VARIABLE = YES;
				IPHONEOS_DEPLOYMENT_TARGET = 6.1;
				ONLY_ACTIVE_ARCH = YES;
				SDKROOT = iphoneos;
				TARGETED_DEVICE_FAMILY = 2;
			};
			name = Debug;
		};
		0401D6961800401000F40DC4 /* Release */ = {
			isa = XCBuildConfiguration;
			buildSettings = {
				ALWAYS_SEARCH_USER_PATHS = NO;
				CLANG_CXX_LANGUAGE_STANDARD = "gnu++0x";
				CLANG_CXX_LIBRARY = "libc++";
				CLANG_WARN_CONSTANT_CONVERSION = YES;
				CLANG_WARN_EMPTY_BODY = YES;
				CLANG_WARN_ENUM_CONVERSION = YES;
				CLANG_WARN_INT_CONVERSION = YES;
				CLANG_WARN__DUPLICATE_METHOD_MATCH = YES;
				"CODE_SIGN_IDENTITY[sdk=iphoneos*]" = "iPhone Developer";
				COPY_PHASE_STRIP = YES;
				GCC_C_LANGUAGE_STANDARD = gnu99;
				GCC_WARN_ABOUT_RETURN_TYPE = YES;
				GCC_WARN_UNINITIALIZED_AUTOS = YES;
				GCC_WARN_UNUSED_VARIABLE = YES;
				IPHONEOS_DEPLOYMENT_TARGET = 6.1;
				OTHER_CFLAGS = "-DNS_BLOCK_ASSERTIONS=1";
				SDKROOT = iphoneos;
				TARGETED_DEVICE_FAMILY = 2;
				VALIDATE_PRODUCT = YES;
			};
			name = Release;
		};
		0401D6981800401000F40DC4 /* Debug */ = {
			isa = XCBuildConfiguration;
			buildSettings = {
				GCC_PRECOMPILE_PREFIX_HEADER = YES;
				GCC_PREFIX_HEADER = "nurse180/nurse180-Prefix.pch";
				INFOPLIST_FILE = "nurse180/nurse180-Info.plist";
				PRODUCT_NAME = "$(TARGET_NAME)";
				WRAPPER_EXTENSION = app;
			};
			name = Debug;
		};
		0401D6991800401000F40DC4 /* Release */ = {
			isa = XCBuildConfiguration;
			buildSettings = {
				GCC_PRECOMPILE_PREFIX_HEADER = YES;
				GCC_PREFIX_HEADER = "nurse180/nurse180-Prefix.pch";
				INFOPLIST_FILE = "nurse180/nurse180-Info.plist";
				PRODUCT_NAME = "$(TARGET_NAME)";
				WRAPPER_EXTENSION = app;
			};
			name = Release;
		};
/* End XCBuildConfiguration section */

/* Begin XCConfigurationList section */
		0401D66F1800401000F40DC4 /* Build configuration list for PBXProject "nurse180" */ = {
			isa = XCConfigurationList;
			buildConfigurations = (
				0401D6951800401000F40DC4 /* Debug */,
				0401D6961800401000F40DC4 /* Release */,
			);
			defaultConfigurationIsVisible = 0;
			defaultConfigurationName = Release;
		};
		0401D6971800401000F40DC4 /* Build configuration list for PBXNativeTarget "nurse180" */ = {
			isa = XCConfigurationList;
			buildConfigurations = (
				0401D6981800401000F40DC4 /* Debug */,
				0401D6991800401000F40DC4 /* Release */,
			);
			defaultConfigurationIsVisible = 0;
		};
/* End XCConfigurationList section */
	};
	rootObject = 0401D66C1800401000F40DC4 /* Project object */;
}
